github.com/matehaxor03/holistic_common v0.0.39 h1:IbDfdJHLZywBkilqSlKGEF2qzvXSrKYHdB91/N5h6XA=
github.com/matehaxor03/holistic_common v0.0.39/go.mod h1:Fduzjeq/XqKGCdJsBedOS7DzfwQOqTGJtS8T2zQjeCY=
github.com/matehaxor03/holistic_db_client v0.0.447 h1:YxfHKpfo/VcmB01ZMGoSO6/4F+rct7Y65f9PP+crgoU=
github.com/matehaxor03/holistic_db_client v0.0.447/go.mod h1:0xu+NQK7SHy64nF0QUv2+nIoCqTbZqQJFe+Ps7yhtk0=
github.com/matehaxor03/holistic_json v0.0.62 h1:GPRS7P78JB31XhvIf9UfrOR8r5TVficyW7CyqfrKnjE=
github.com/matehaxor03/holistic_json v0.0.62/go.mod h1:zO4QCYw5tqmQGy9e+yDVJDcNbqYcIoN7s5Om4OS2mPc=
