github.com/go-sql-driver/mysql v1.6.0 h1:BCTh4TKNUYmOmMUcQ3IipzF5prigylS7XXjEkfCHuOE=
github.com/go-sql-driver/mysql v1.6.0/go.mod h1:DCzpHaOWr8IXmIStZouvnhqoel9Qv2LBy8hT2VhHyBg=
github.com/matehaxor03/holistic_db_client v0.0.109/go.mod h1:hdquyETaRhUjHj6xD9sasdueb4sHYSyAcm+CiWKPuc0=
github.com/matehaxor03/holistic_db_client v0.0.110 h1:oBsM1b/F7SVp7BkiOf6nd+GgPPyx1BY1VKz3stlbLmM=
github.com/matehaxor03/holistic_db_client v0.0.110/go.mod h1:hdquyETaRhUjHj6xD9sasdueb4sHYSyAcm+CiWKPuc0=
github.com/matehaxor03/holistic_db_client v0.0.111 h1:KudnN7A+dFlCh4dgHGg+Rl5H/OFlygAVqeMFATlivTk=
github.com/matehaxor03/holistic_db_client v0.0.111/go.mod h1:hdquyETaRhUjHj6xD9sasdueb4sHYSyAcm+CiWKPuc0=
github.com/matehaxor03/holistic_db_client v0.0.112 h1:1fnZlw9of4N5AIggxVTNtPJE0ZHy1UoRsdofCDXw9cA=
github.com/matehaxor03/holistic_db_client v0.0.112/go.mod h1:hdquyETaRhUjHj6xD9sasdueb4sHYSyAcm+CiWKPuc0=
github.com/matehaxor03/holistic_db_client v0.0.113 h1:rg+M8qT0G6YwyTQiiEKwlji250cR1fVKs53kvmmxNfQ=
github.com/matehaxor03/holistic_db_client v0.0.113/go.mod h1:hdquyETaRhUjHj6xD9sasdueb4sHYSyAcm+CiWKPuc0=
github.com/matehaxor03/holistic_db_client v0.0.114 h1:V7S+AWSSbGPfrtBiwNbunyJFveymEvF1cjc2/Y1vkhg=
github.com/matehaxor03/holistic_db_client v0.0.114/go.mod h1:hdquyETaRhUjHj6xD9sasdueb4sHYSyAcm+CiWKPuc0=
github.com/matehaxor03/holistic_db_client v0.0.115 h1:aJN7Qrz0cV8PbrBC1p7EJ5TeCv/V0V2e3G/856ZzWQM=
github.com/matehaxor03/holistic_db_client v0.0.115/go.mod h1:hdquyETaRhUjHj6xD9sasdueb4sHYSyAcm+CiWKPuc0=
github.com/matehaxor03/holistic_db_client v0.0.116 h1:bJUDf3nuyXTH0nZeLs/AZuuoxq9Hw9jffmbQviDbqHs=
github.com/matehaxor03/holistic_db_client v0.0.116/go.mod h1:hdquyETaRhUjHj6xD9sasdueb4sHYSyAcm+CiWKPuc0=
github.com/matehaxor03/holistic_db_client v0.0.117 h1:kkK4VGDpuc2JEkQgRE386uLpkM/U/veemB8uMIVHfDo=
github.com/matehaxor03/holistic_db_client v0.0.117/go.mod h1:hdquyETaRhUjHj6xD9sasdueb4sHYSyAcm+CiWKPuc0=
github.com/matehaxor03/holistic_db_client v0.0.118 h1:PV2uZ76vX6Mw2Pis685LEytkjss/dXeTVoqcaBAWz3o=
github.com/matehaxor03/holistic_db_client v0.0.118/go.mod h1:hdquyETaRhUjHj6xD9sasdueb4sHYSyAcm+CiWKPuc0=
github.com/matehaxor03/holistic_db_client v0.0.119 h1:BtoHhBGJw1cRqCk6B9Mvvha4QOEUeYalYUXod4lo1M0=
github.com/matehaxor03/holistic_db_client v0.0.119/go.mod h1:hdquyETaRhUjHj6xD9sasdueb4sHYSyAcm+CiWKPuc0=
github.com/matehaxor03/holistic_db_client v0.0.120 h1:1cY4UWMzAhnD1K2JfsSGGBGJLGD2wKqeWP8lCjplCy8=
github.com/matehaxor03/holistic_db_client v0.0.120/go.mod h1:hdquyETaRhUjHj6xD9sasdueb4sHYSyAcm+CiWKPuc0=
github.com/matehaxor03/holistic_db_client v0.0.121 h1:Ai5wHvr2mMkjRwamHCovj75iPCW/4TsRulqv2RGAQ3I=
github.com/matehaxor03/holistic_db_client v0.0.121/go.mod h1:hdquyETaRhUjHj6xD9sasdueb4sHYSyAcm+CiWKPuc0=
github.com/matehaxor03/holistic_db_client v0.0.122 h1:v+AD1Owtcc1W9g87RqjoQgeWoE7pRRsugR+URJeilFU=
github.com/matehaxor03/holistic_db_client v0.0.122/go.mod h1:hdquyETaRhUjHj6xD9sasdueb4sHYSyAcm+CiWKPuc0=
github.com/matehaxor03/holistic_db_client v0.0.123 h1:R7gv9oe0MBosnX/0DUdtEYsDcCojA7W+yGVkfkhSSEU=
github.com/matehaxor03/holistic_db_client v0.0.123/go.mod h1:hdquyETaRhUjHj6xD9sasdueb4sHYSyAcm+CiWKPuc0=
github.com/matehaxor03/holistic_db_client v0.0.124 h1:wQlJBA8OHGDmkWc05DNP3YdcfQXcgpLqyw6Pq27Isxk=
github.com/matehaxor03/holistic_db_client v0.0.124/go.mod h1:hdquyETaRhUjHj6xD9sasdueb4sHYSyAcm+CiWKPuc0=
github.com/matehaxor03/holistic_db_client v0.0.125 h1:zMl0n7MdV7lI3Y6fgnJjy2odT6koFtLyY8aCdXSvceg=
github.com/matehaxor03/holistic_db_client v0.0.125/go.mod h1:hdquyETaRhUjHj6xD9sasdueb4sHYSyAcm+CiWKPuc0=
github.com/matehaxor03/holistic_db_client v0.0.126 h1:jyioFoHNh4V+vrem1DFAuIyN8lfbx9RW3VXRyc5dxaM=
github.com/matehaxor03/holistic_db_client v0.0.126/go.mod h1:hdquyETaRhUjHj6xD9sasdueb4sHYSyAcm+CiWKPuc0=
github.com/matehaxor03/holistic_db_client v0.0.127 h1:2aGdmB/HHiVW8knptR+5H4XwyZ2JcM/BnhaI9PXIQM8=
github.com/matehaxor03/holistic_db_client v0.0.127/go.mod h1:hdquyETaRhUjHj6xD9sasdueb4sHYSyAcm+CiWKPuc0=
github.com/matehaxor03/holistic_db_client v0.0.131 h1:8FxW2cDrgoMxJu1MzZzrc7OPqxBOA1jz7Ht0aLniiQ0=
github.com/matehaxor03/holistic_db_client v0.0.131/go.mod h1:hdquyETaRhUjHj6xD9sasdueb4sHYSyAcm+CiWKPuc0=
github.com/matehaxor03/holistic_db_client v0.0.133 h1:MmZf5+sipDkvaCPYuTwxVvhSt83Pg/BHjhIgvr8J9yI=
github.com/matehaxor03/holistic_db_client v0.0.133/go.mod h1:hdquyETaRhUjHj6xD9sasdueb4sHYSyAcm+CiWKPuc0=
github.com/matehaxor03/holistic_db_client v0.0.134 h1:IxHh0y504oQOc1Y0RTHQZg69WD4VMUAJM0ktrp+Oab0=
github.com/matehaxor03/holistic_db_client v0.0.134/go.mod h1:hdquyETaRhUjHj6xD9sasdueb4sHYSyAcm+CiWKPuc0=
github.com/matehaxor03/holistic_db_client v0.0.135 h1:ZZdHJJ+/NYPDfVHY+ndcHoPrHb+ksuqbeT+NsEho3sE=
github.com/matehaxor03/holistic_db_client v0.0.135/go.mod h1:hdquyETaRhUjHj6xD9sasdueb4sHYSyAcm+CiWKPuc0=
github.com/matehaxor03/holistic_db_client v0.0.136 h1:eYvXsLEgMtOEHraYv5Jq7DgOaz9lnKY6dce1ceTSR18=
github.com/matehaxor03/holistic_db_client v0.0.136/go.mod h1:hdquyETaRhUjHj6xD9sasdueb4sHYSyAcm+CiWKPuc0=
github.com/matehaxor03/holistic_db_client v0.0.137 h1:91HWC9pjdDKrV/csUqs7M6ZI6tFbobeie34Rz3aYc4g=
github.com/matehaxor03/holistic_db_client v0.0.137/go.mod h1:hdquyETaRhUjHj6xD9sasdueb4sHYSyAcm+CiWKPuc0=
github.com/matehaxor03/holistic_db_client v0.0.138 h1:JBMjbMWNXQbnqm2UCSxfixBPTkv84O1xBXqMw83hf3E=
github.com/matehaxor03/holistic_db_client v0.0.138/go.mod h1:hdquyETaRhUjHj6xD9sasdueb4sHYSyAcm+CiWKPuc0=
github.com/matehaxor03/holistic_db_client v0.0.139 h1:iGceAHJSxT30jF3eK4R9LoMsPJb+0g1GO7yZkexnoiU=
github.com/matehaxor03/holistic_db_client v0.0.139/go.mod h1:hdquyETaRhUjHj6xD9sasdueb4sHYSyAcm+CiWKPuc0=
github.com/matehaxor03/holistic_db_client v0.0.140 h1:UIKSdjGBzbW/ev9MA2UCnn1KC+bProgT6gyy3CbzpC8=
github.com/matehaxor03/holistic_db_client v0.0.140/go.mod h1:hdquyETaRhUjHj6xD9sasdueb4sHYSyAcm+CiWKPuc0=
